
Microsoft Visual Studio Solution File, Format Version 11.00
# Visual Studio 2010
Project("{FAE04EC0-301F-11D3-BF4B-00C04F79EFBC}") = "LiteApp.Bizcard", "LiteApp.Bizcard\LiteApp.Bizcard.csproj", "{2A68AAA1-2878-40D2-978A-8600E19D7D15}"
EndProject
Global
	GlobalSection(SolutionConfigurationPlatforms) = preSolution
		Debug|x86 = Debug|x86
		Release|x86 = Release|x86
	EndGlobalSection
	GlobalSection(ProjectConfigurationPlatforms) = postSolution
		{2A68AAA1-2878-40D2-978A-8600E19D7D15}.Debug|x86.ActiveCfg = Debug|x86
		{2A68AAA1-2878-40D2-978A-8600E19D7D15}.Debug|x86.Build.0 = Debug|x86
		{2A68AAA1-2878-40D2-978A-8600E19D7D15}.Release|x86.ActiveCfg = Release|x86
		{2A68AAA1-2878-40D2-978A-8600E19D7D15}.Release|x86.Build.0 = Release|x86
	EndGlobalSection
	GlobalSection(SolutionProperties) = preSolution
		HideSolutionNode = FALSE
	EndGlobalSection
EndGlobal
